// !$*UTF8*$!
{
	archiveVersion = 1;
	classes = {
	};
	objectVersion = 56;
	objects = {

/* Begin PBXBuildFile section */
		510470FA2BFA5559000BA602 /* character_with_temperate_room.splineswift in Resources */ = {isa = PBXBuildFile; fileRef = 510470F92BFA5559000BA602 /* character_with_temperate_room.splineswift */; };
		510B2D2A2BFF651100E40B49 /* SDWebImageSwiftUI in Frameworks */ = {isa = PBXBuildFile; productRef = 510B2D292BFF651100E40B49 /* SDWebImageSwiftUI */; };
		510B2D2C2BFF75BB00E40B49 /* PhotoPicker.swift in Sources */ = {isa = PBXBuildFile; fileRef = 510B2D2B2BFF75BB00E40B49 /* PhotoPicker.swift */; };
		5115B5522C0378DB00056C34 /* BookshelfView.swift in Sources */ = {isa = PBXBuildFile; fileRef = 5115B5512C0378DB00056C34 /* BookshelfView.swift */; };
		5126F6372BF1665E00DFB2E3 /* Book.swift in Sources */ = {isa = PBXBuildFile; fileRef = 5126F6362BF1665E00DFB2E3 /* Book.swift */; };
		5126F6392BF1790C00DFB2E3 /* TimerManager.swift in Sources */ = {isa = PBXBuildFile; fileRef = 5126F6382BF1790C00DFB2E3 /* TimerManager.swift */; };
		512EBB762BFDC99F0025A4E6 /* BooksAPI.swift in Sources */ = {isa = PBXBuildFile; fileRef = 512EBB752BFDC99F0025A4E6 /* BooksAPI.swift */; };
		51380D252C2AA57700FDF65D /* PageEntryModalView.swift in Sources */ = {isa = PBXBuildFile; fileRef = 51380D242C2AA57700FDF65D /* PageEntryModalView.swift */; };
		515B0E9F2C31FBBA00806BB3 /* Colors.xcassets in Resources */ = {isa = PBXBuildFile; fileRef = 515B0E9E2C31FBBA00806BB3 /* Colors.xcassets */; };
		5172F3292BF0A59D00491A8E /* UpdateReadingSessionView.swift in Sources */ = {isa = PBXBuildFile; fileRef = 5172F3282BF0A59D00491A8E /* UpdateReadingSessionView.swift */; };
		51731B912BF36A9300F75F86 /* UpdateBookView.swift in Sources */ = {isa = PBXBuildFile; fileRef = 51731B902BF36A9300F75F86 /* UpdateBookView.swift */; };
		51731B962BF39D7F00F75F86 /* DiscoverScreenViewModel.swift in Sources */ = {isa = PBXBuildFile; fileRef = 51731B952BF39D7F00F75F86 /* DiscoverScreenViewModel.swift */; };
		51731B982BF39D9F00F75F86 /* DiscoverScreen.swift in Sources */ = {isa = PBXBuildFile; fileRef = 51731B972BF39D9F00F75F86 /* DiscoverScreen.swift */; };
		51745CA22C0922050012386E /* BookListScreen2.swift in Sources */ = {isa = PBXBuildFile; fileRef = 51745CA12C0922050012386E /* BookListScreen2.swift */; };
		518C9C1A2C36C0A6002E3627 /* Baskerville Bold font.ttf in Resources */ = {isa = PBXBuildFile; fileRef = 518C9C0E2C36C0A6002E3627 /* Baskerville Bold font.ttf */; };
		518C9C1B2C36C0A6002E3627 /* BASKE9.ttf in Resources */ = {isa = PBXBuildFile; fileRef = 518C9C0F2C36C0A6002E3627 /* BASKE9.ttf */; };
		518C9C1C2C36C0A6002E3627 /* BaskervilleItalicBT.ttf in Resources */ = {isa = PBXBuildFile; fileRef = 518C9C102C36C0A6002E3627 /* BaskervilleItalicBT.ttf */; };
		518C9C1D2C36C0A6002E3627 /* BASKRV_L.ttf in Resources */ = {isa = PBXBuildFile; fileRef = 518C9C112C36C0A6002E3627 /* BASKRV_L.ttf */; };
		518C9C1E2C36C0A6002E3627 /* baskvl.ttf in Resources */ = {isa = PBXBuildFile; fileRef = 518C9C122C36C0A6002E3627 /* baskvl.ttf */; };
		518C9C1F2C36C0A6002E3627 /* baskervi.ttf in Resources */ = {isa = PBXBuildFile; fileRef = 518C9C132C36C0A6002E3627 /* baskervi.ttf */; };
		518C9C202C36C0A6002E3627 /* BASKE10.ttf in Resources */ = {isa = PBXBuildFile; fileRef = 518C9C142C36C0A6002E3627 /* BASKE10.ttf */; };
		518C9C212C36C0A6002E3627 /* baskerville bold bt.ttf in Resources */ = {isa = PBXBuildFile; fileRef = 518C9C152C36C0A6002E3627 /* baskerville bold bt.ttf */; };
		518C9C222C36C0A6002E3627 /* BaskervilleBT.ttf in Resources */ = {isa = PBXBuildFile; fileRef = 518C9C162C36C0A6002E3627 /* BaskervilleBT.ttf */; };
		518C9C232C36C0A6002E3627 /* BASKE1.ttf in Resources */ = {isa = PBXBuildFile; fileRef = 518C9C172C36C0A6002E3627 /* BASKE1.ttf */; };
		518C9C242C36C0A6002E3627 /* BaskervilleBoldBT.ttf in Resources */ = {isa = PBXBuildFile; fileRef = 518C9C182C36C0A6002E3627 /* BaskervilleBoldBT.ttf */; };
		518C9C252C36C0A6002E3627 /* BaskervilleBoldItalicBT.ttf in Resources */ = {isa = PBXBuildFile; fileRef = 518C9C192C36C0A6002E3627 /* BaskervilleBoldItalicBT.ttf */; };
		5190FA4E2C3B005300ED20D5 /* SplashScreen.swift in Sources */ = {isa = PBXBuildFile; fileRef = 5190FA4D2C3B005300ED20D5 /* SplashScreen.swift */; };
		51A67CB42C12258F00B1F0DA /* BookDetailView.swift in Sources */ = {isa = PBXBuildFile; fileRef = 51A67CB32C12258F00B1F0DA /* BookDetailView.swift */; };
		51AD10DD2BEEB13E000D672C /* BookNookApp.swift in Sources */ = {isa = PBXBuildFile; fileRef = 51AD10DC2BEEB13E000D672C /* BookNookApp.swift */; };
		51AD10DF2BEEB13E000D672C /* ContentView.swift in Sources */ = {isa = PBXBuildFile; fileRef = 51AD10DE2BEEB13E000D672C /* ContentView.swift */; };
		51AD10E62BEEB13F000D672C /* Preview Assets.xcassets in Resources */ = {isa = PBXBuildFile; fileRef = 51AD10E52BEEB13F000D672C /* Preview Assets.xcassets */; };
		51AD10F02BEEB13F000D672C /* BookNookTests.swift in Sources */ = {isa = PBXBuildFile; fileRef = 51AD10EF2BEEB13F000D672C /* BookNookTests.swift */; };
		51AD10FA2BEEB13F000D672C /* BookNookUITests.swift in Sources */ = {isa = PBXBuildFile; fileRef = 51AD10F92BEEB13F000D672C /* BookNookUITests.swift */; };
		51AD10FC2BEEB13F000D672C /* BookNookUITestsLaunchTests.swift in Sources */ = {isa = PBXBuildFile; fileRef = 51AD10FB2BEEB13F000D672C /* BookNookUITestsLaunchTests.swift */; };
		51AD110A2BEEB1A6000D672C /* SplineRuntime in Frameworks */ = {isa = PBXBuildFile; productRef = 51AD11092BEEB1A6000D672C /* SplineRuntime */; };
		51AD11122BEEB2BB000D672C /* Extensions.swift in Sources */ = {isa = PBXBuildFile; fileRef = 51AD11112BEEB2BB000D672C /* Extensions.swift */; };
		51AD112E2BEEB46D000D672C /* AppIcon.xcassets in Resources */ = {isa = PBXBuildFile; fileRef = 51AD112D2BEEB46D000D672C /* AppIcon.xcassets */; };
		51AD11322BEEB5B5000D672C /* MainTabbedScreen.swift in Sources */ = {isa = PBXBuildFile; fileRef = 51AD11312BEEB5B5000D672C /* MainTabbedScreen.swift */; };
		51AD11342BEEB654000D672C /* ReadingSession.swift in Sources */ = {isa = PBXBuildFile; fileRef = 51AD11332BEEB654000D672C /* ReadingSession.swift */; };
		51AD11362BEEB8A8000D672C /* CreateSessionView.swift in Sources */ = {isa = PBXBuildFile; fileRef = 51AD11352BEEB8A8000D672C /* CreateSessionView.swift */; };
		51AD11382BEEB907000D672C /* HomeScreen.swift in Sources */ = {isa = PBXBuildFile; fileRef = 51AD11372BEEB907000D672C /* HomeScreen.swift */; };
		51AD113A2BEEB9BF000D672C /* TopTitleView.swift in Sources */ = {isa = PBXBuildFile; fileRef = 51AD11392BEEB9BF000D672C /* TopTitleView.swift */; };
		51AD113C2BEEC27C000D672C /* BookListScreen.swift in Sources */ = {isa = PBXBuildFile; fileRef = 51AD113B2BEEC27C000D672C /* BookListScreen.swift */; };
		51AD113E2BEF62B8000D672C /* CalendarView.swift in Sources */ = {isa = PBXBuildFile; fileRef = 51AD113D2BEF62B8000D672C /* CalendarView.swift */; };
		51AD11402BEF63EF000D672C /* CalendarScreen.swift in Sources */ = {isa = PBXBuildFile; fileRef = 51AD113F2BEF63EF000D672C /* CalendarScreen.swift */; };
		51AD11422BEF6870000D672C /* DayReadingSessionsListView.swift in Sources */ = {isa = PBXBuildFile; fileRef = 51AD11412BEF6870000D672C /* DayReadingSessionsListView.swift */; };
		51AD11482BEF69DC000D672C /* ReadingSessionListViewRow.swift in Sources */ = {isa = PBXBuildFile; fileRef = 51AD11472BEF69DC000D672C /* ReadingSessionListViewRow.swift */; };
		51AD114A2BEF6AA5000D672C /* NewReadingSessionView.swift in Sources */ = {isa = PBXBuildFile; fileRef = 51AD11492BEF6AA5000D672C /* NewReadingSessionView.swift */; };
		51ADD5752BF1F0860023DEFE /* NewBookView.swift in Sources */ = {isa = PBXBuildFile; fileRef = 51ADD5742BF1F0860023DEFE /* NewBookView.swift */; };
		51ADD5772BF206520023DEFE /* SettingsScreen.swift in Sources */ = {isa = PBXBuildFile; fileRef = 51ADD5762BF206520023DEFE /* SettingsScreen.swift */; };
		51B815BF2C2870A600CDB29D /* StatisticsScreen.swift in Sources */ = {isa = PBXBuildFile; fileRef = 51B815BE2C2870A600CDB29D /* StatisticsScreen.swift */; };
		51D2E4302BF8CF0A008798FA /* AudioPlayer.swift in Sources */ = {isa = PBXBuildFile; fileRef = 51D2E42F2BF8CF0A008798FA /* AudioPlayer.swift */; };
		51D2E4322BF8CF48008798FA /* AudioPlayerView.swift in Sources */ = {isa = PBXBuildFile; fileRef = 51D2E4312BF8CF48008798FA /* AudioPlayerView.swift */; };
		51D2E4352BF8CF91008798FA /* Sonder(chosic.com).mp3 in Resources */ = {isa = PBXBuildFile; fileRef = 51D2E4342BF8CF91008798FA /* Sonder(chosic.com).mp3 */; };
		51D2E4372BF8D18A008798FA /* Colorful-Flowers(chosic.com).mp3 in Resources */ = {isa = PBXBuildFile; fileRef = 51D2E4362BF8D18A008798FA /* Colorful-Flowers(chosic.com).mp3 */; };
		51E7F9FF2C3426CF0084B94D /* Images.xcassets in Resources */ = {isa = PBXBuildFile; fileRef = 51E7F9FE2C3426CF0084B94D /* Images.xcassets */; };
		51E7FA012C342AAF0084B94D /* TabIconView.swift in Sources */ = {isa = PBXBuildFile; fileRef = 51E7FA002C342AAF0084B94D /* TabIconView.swift */; };
		51ECD1642BF6300D0049144A /* HomeScreen2.swift in Sources */ = {isa = PBXBuildFile; fileRef = 51ECD1632BF6300D0049144A /* HomeScreen2.swift */; };
		51ECD1662BF630E20049144A /* HomeView.swift in Sources */ = {isa = PBXBuildFile; fileRef = 51ECD1652BF630E20049144A /* HomeView.swift */; };
		51F235152C394A8000FA09C3 /* BookSpineView.swift in Sources */ = {isa = PBXBuildFile; fileRef = 51F235142C394A8000FA09C3 /* BookSpineView.swift */; };
		51F235172C394AF400FA09C3 /* ColorExtractingBookCoverView.swift in Sources */ = {isa = PBXBuildFile; fileRef = 51F235162C394AF400FA09C3 /* ColorExtractingBookCoverView.swift */; };
		51F235192C3958E200FA09C3 /* BookCoverView.swift in Sources */ = {isa = PBXBuildFile; fileRef = 51F235182C3958E200FA09C3 /* BookCoverView.swift */; };
		51F2351B2C39666B00FA09C3 /* Utils.swift in Sources */ = {isa = PBXBuildFile; fileRef = 51F2351A2C39666B00FA09C3 /* Utils.swift */; };
/* End PBXBuildFile section */

/* Begin PBXContainerItemProxy section */
		51AD10EC2BEEB13F000D672C /* PBXContainerItemProxy */ = {
			isa = PBXContainerItemProxy;
			containerPortal = 51AD10D12BEEB13E000D672C /* Project object */;
			proxyType = 1;
			remoteGlobalIDString = 51AD10D82BEEB13E000D672C;
			remoteInfo = BookNook;
		};
		51AD10F62BEEB13F000D672C /* PBXContainerItemProxy */ = {
			isa = PBXContainerItemProxy;
			containerPortal = 51AD10D12BEEB13E000D672C /* Project object */;
			proxyType = 1;
			remoteGlobalIDString = 51AD10D82BEEB13E000D672C;
			remoteInfo = BookNook;
		};
/* End PBXContainerItemProxy section */

/* Begin PBXFileReference section */
		510470F92BFA5559000BA602 /* character_with_temperate_room.splineswift */ = {isa = PBXFileReference; lastKnownFileType = file; path = character_with_temperate_room.splineswift; sourceTree = "<group>"; };
		510B2D2B2BFF75BB00E40B49 /* PhotoPicker.swift */ = {isa = PBXFileReference; lastKnownFileType = sourcecode.swift; path = PhotoPicker.swift; sourceTree = "<group>"; };
		5115B5512C0378DB00056C34 /* BookshelfView.swift */ = {isa = PBXFileReference; lastKnownFileType = sourcecode.swift; path = BookshelfView.swift; sourceTree = "<group>"; };
		5126F6362BF1665E00DFB2E3 /* Book.swift */ = {isa = PBXFileReference; lastKnownFileType = sourcecode.swift; path = Book.swift; sourceTree = "<group>"; };
		5126F6382BF1790C00DFB2E3 /* TimerManager.swift */ = {isa = PBXFileReference; lastKnownFileType = sourcecode.swift; path = TimerManager.swift; sourceTree = "<group>"; };
		512EBB752BFDC99F0025A4E6 /* BooksAPI.swift */ = {isa = PBXFileReference; lastKnownFileType = sourcecode.swift; path = BooksAPI.swift; sourceTree = "<group>"; };
		51380D242C2AA57700FDF65D /* PageEntryModalView.swift */ = {isa = PBXFileReference; lastKnownFileType = sourcecode.swift; path = PageEntryModalView.swift; sourceTree = "<group>"; };
		515B0E9E2C31FBBA00806BB3 /* Colors.xcassets */ = {isa = PBXFileReference; lastKnownFileType = folder.assetcatalog; path = Colors.xcassets; sourceTree = "<group>"; };
		5172F3282BF0A59D00491A8E /* UpdateReadingSessionView.swift */ = {isa = PBXFileReference; lastKnownFileType = sourcecode.swift; path = UpdateReadingSessionView.swift; sourceTree = "<group>"; };
		51731B902BF36A9300F75F86 /* UpdateBookView.swift */ = {isa = PBXFileReference; lastKnownFileType = sourcecode.swift; path = UpdateBookView.swift; sourceTree = "<group>"; };
		51731B952BF39D7F00F75F86 /* DiscoverScreenViewModel.swift */ = {isa = PBXFileReference; lastKnownFileType = sourcecode.swift; path = DiscoverScreenViewModel.swift; sourceTree = "<group>"; };
		51731B972BF39D9F00F75F86 /* DiscoverScreen.swift */ = {isa = PBXFileReference; lastKnownFileType = sourcecode.swift; path = DiscoverScreen.swift; sourceTree = "<group>"; };
		51745CA12C0922050012386E /* BookListScreen2.swift */ = {isa = PBXFileReference; lastKnownFileType = sourcecode.swift; path = BookListScreen2.swift; sourceTree = "<group>"; };
		518C9C0E2C36C0A6002E3627 /* Baskerville Bold font.ttf */ = {isa = PBXFileReference; lastKnownFileType = file; path = "Baskerville Bold font.ttf"; sourceTree = "<group>"; };
		518C9C0F2C36C0A6002E3627 /* BASKE9.ttf */ = {isa = PBXFileReference; lastKnownFileType = file; path = BASKE9.ttf; sourceTree = "<group>"; };
		518C9C102C36C0A6002E3627 /* BaskervilleItalicBT.ttf */ = {isa = PBXFileReference; lastKnownFileType = file; path = BaskervilleItalicBT.ttf; sourceTree = "<group>"; };
		518C9C112C36C0A6002E3627 /* BASKRV_L.ttf */ = {isa = PBXFileReference; lastKnownFileType = file; path = BASKRV_L.ttf; sourceTree = "<group>"; };
		518C9C122C36C0A6002E3627 /* baskvl.ttf */ = {isa = PBXFileReference; lastKnownFileType = file; path = baskvl.ttf; sourceTree = "<group>"; };
		518C9C132C36C0A6002E3627 /* baskervi.ttf */ = {isa = PBXFileReference; lastKnownFileType = file; path = baskervi.ttf; sourceTree = "<group>"; };
		518C9C142C36C0A6002E3627 /* BASKE10.ttf */ = {isa = PBXFileReference; lastKnownFileType = file; path = BASKE10.ttf; sourceTree = "<group>"; };
		518C9C152C36C0A6002E3627 /* baskerville bold bt.ttf */ = {isa = PBXFileReference; lastKnownFileType = file; path = "baskerville bold bt.ttf"; sourceTree = "<group>"; };
		518C9C162C36C0A6002E3627 /* BaskervilleBT.ttf */ = {isa = PBXFileReference; lastKnownFileType = file; path = BaskervilleBT.ttf; sourceTree = "<group>"; };
		518C9C172C36C0A6002E3627 /* BASKE1.ttf */ = {isa = PBXFileReference; lastKnownFileType = file; path = BASKE1.ttf; sourceTree = "<group>"; };
		518C9C182C36C0A6002E3627 /* BaskervilleBoldBT.ttf */ = {isa = PBXFileReference; lastKnownFileType = file; path = BaskervilleBoldBT.ttf; sourceTree = "<group>"; };
		518C9C192C36C0A6002E3627 /* BaskervilleBoldItalicBT.ttf */ = {isa = PBXFileReference; lastKnownFileType = file; path = BaskervilleBoldItalicBT.ttf; sourceTree = "<group>"; };
		518C9C262C36C2A1002E3627 /* Info.plist */ = {isa = PBXFileReference; lastKnownFileType = text.plist; path = Info.plist; sourceTree = "<group>"; };
		5190FA4D2C3B005300ED20D5 /* SplashScreen.swift */ = {isa = PBXFileReference; lastKnownFileType = sourcecode.swift; path = SplashScreen.swift; sourceTree = "<group>"; };
		51A67CB32C12258F00B1F0DA /* BookDetailView.swift */ = {isa = PBXFileReference; lastKnownFileType = sourcecode.swift; path = BookDetailView.swift; sourceTree = "<group>"; };
		51AD10D92BEEB13E000D672C /* BookNook.app */ = {isa = PBXFileReference; explicitFileType = wrapper.application; includeInIndex = 0; path = BookNook.app; sourceTree = BUILT_PRODUCTS_DIR; };
		51AD10DC2BEEB13E000D672C /* BookNookApp.swift */ = {isa = PBXFileReference; lastKnownFileType = sourcecode.swift; path = BookNookApp.swift; sourceTree = "<group>"; };
		51AD10DE2BEEB13E000D672C /* ContentView.swift */ = {isa = PBXFileReference; lastKnownFileType = sourcecode.swift; path = ContentView.swift; sourceTree = "<group>"; };
		51AD10E52BEEB13F000D672C /* Preview Assets.xcassets */ = {isa = PBXFileReference; lastKnownFileType = folder.assetcatalog; path = "Preview Assets.xcassets"; sourceTree = "<group>"; };
		51AD10EB2BEEB13F000D672C /* BookNookTests.xctest */ = {isa = PBXFileReference; explicitFileType = wrapper.cfbundle; includeInIndex = 0; path = BookNookTests.xctest; sourceTree = BUILT_PRODUCTS_DIR; };
		51AD10EF2BEEB13F000D672C /* BookNookTests.swift */ = {isa = PBXFileReference; lastKnownFileType = sourcecode.swift; path = BookNookTests.swift; sourceTree = "<group>"; };
		51AD10F52BEEB13F000D672C /* BookNookUITests.xctest */ = {isa = PBXFileReference; explicitFileType = wrapper.cfbundle; includeInIndex = 0; path = BookNookUITests.xctest; sourceTree = BUILT_PRODUCTS_DIR; };
		51AD10F92BEEB13F000D672C /* BookNookUITests.swift */ = {isa = PBXFileReference; lastKnownFileType = sourcecode.swift; path = BookNookUITests.swift; sourceTree = "<group>"; };
		51AD10FB2BEEB13F000D672C /* BookNookUITestsLaunchTests.swift */ = {isa = PBXFileReference; lastKnownFileType = sourcecode.swift; path = BookNookUITestsLaunchTests.swift; sourceTree = "<group>"; };
		51AD11112BEEB2BB000D672C /* Extensions.swift */ = {isa = PBXFileReference; lastKnownFileType = sourcecode.swift; path = Extensions.swift; sourceTree = "<group>"; };
		51AD112D2BEEB46D000D672C /* AppIcon.xcassets */ = {isa = PBXFileReference; lastKnownFileType = folder.assetcatalog; path = AppIcon.xcassets; sourceTree = "<group>"; };
		51AD11312BEEB5B5000D672C /* MainTabbedScreen.swift */ = {isa = PBXFileReference; lastKnownFileType = sourcecode.swift; path = MainTabbedScreen.swift; sourceTree = "<group>"; };
		51AD11332BEEB654000D672C /* ReadingSession.swift */ = {isa = PBXFileReference; lastKnownFileType = sourcecode.swift; path = ReadingSession.swift; sourceTree = "<group>"; };
		51AD11352BEEB8A8000D672C /* CreateSessionView.swift */ = {isa = PBXFileReference; lastKnownFileType = sourcecode.swift; path = CreateSessionView.swift; sourceTree = "<group>"; };
		51AD11372BEEB907000D672C /* HomeScreen.swift */ = {isa = PBXFileReference; lastKnownFileType = sourcecode.swift; path = HomeScreen.swift; sourceTree = "<group>"; };
		51AD11392BEEB9BF000D672C /* TopTitleView.swift */ = {isa = PBXFileReference; lastKnownFileType = sourcecode.swift; path = TopTitleView.swift; sourceTree = "<group>"; };
		51AD113B2BEEC27C000D672C /* BookListScreen.swift */ = {isa = PBXFileReference; lastKnownFileType = sourcecode.swift; path = BookListScreen.swift; sourceTree = "<group>"; };
		51AD113D2BEF62B8000D672C /* CalendarView.swift */ = {isa = PBXFileReference; lastKnownFileType = sourcecode.swift; path = CalendarView.swift; sourceTree = "<group>"; };
		51AD113F2BEF63EF000D672C /* CalendarScreen.swift */ = {isa = PBXFileReference; lastKnownFileType = sourcecode.swift; path = CalendarScreen.swift; sourceTree = "<group>"; };
		51AD11412BEF6870000D672C /* DayReadingSessionsListView.swift */ = {isa = PBXFileReference; lastKnownFileType = sourcecode.swift; path = DayReadingSessionsListView.swift; sourceTree = "<group>"; };
		51AD11472BEF69DC000D672C /* ReadingSessionListViewRow.swift */ = {isa = PBXFileReference; lastKnownFileType = sourcecode.swift; path = ReadingSessionListViewRow.swift; sourceTree = "<group>"; };
		51AD11492BEF6AA5000D672C /* NewReadingSessionView.swift */ = {isa = PBXFileReference; lastKnownFileType = sourcecode.swift; path = NewReadingSessionView.swift; sourceTree = "<group>"; };
		51ADD5742BF1F0860023DEFE /* NewBookView.swift */ = {isa = PBXFileReference; lastKnownFileType = sourcecode.swift; path = NewBookView.swift; sourceTree = "<group>"; };
		51ADD5762BF206520023DEFE /* SettingsScreen.swift */ = {isa = PBXFileReference; lastKnownFileType = sourcecode.swift; path = SettingsScreen.swift; sourceTree = "<group>"; };
		51B815BE2C2870A600CDB29D /* StatisticsScreen.swift */ = {isa = PBXFileReference; lastKnownFileType = sourcecode.swift; path = StatisticsScreen.swift; sourceTree = "<group>"; };
		51D2E42F2BF8CF0A008798FA /* AudioPlayer.swift */ = {isa = PBXFileReference; lastKnownFileType = sourcecode.swift; path = AudioPlayer.swift; sourceTree = "<group>"; };
		51D2E4312BF8CF48008798FA /* AudioPlayerView.swift */ = {isa = PBXFileReference; lastKnownFileType = sourcecode.swift; path = AudioPlayerView.swift; sourceTree = "<group>"; };
		51D2E4342BF8CF91008798FA /* Sonder(chosic.com).mp3 */ = {isa = PBXFileReference; lastKnownFileType = audio.mp3; path = "Sonder(chosic.com).mp3"; sourceTree = "<group>"; };
		51D2E4362BF8D18A008798FA /* Colorful-Flowers(chosic.com).mp3 */ = {isa = PBXFileReference; lastKnownFileType = audio.mp3; path = "Colorful-Flowers(chosic.com).mp3"; sourceTree = "<group>"; };
		51E7F9FE2C3426CF0084B94D /* Images.xcassets */ = {isa = PBXFileReference; lastKnownFileType = folder.assetcatalog; path = Images.xcassets; sourceTree = "<group>"; };
		51E7FA002C342AAF0084B94D /* TabIconView.swift */ = {isa = PBXFileReference; lastKnownFileType = sourcecode.swift; path = TabIconView.swift; sourceTree = "<group>"; };
		51ECD1632BF6300D0049144A /* HomeScreen2.swift */ = {isa = PBXFileReference; lastKnownFileType = sourcecode.swift; path = HomeScreen2.swift; sourceTree = "<group>"; };
		51ECD1652BF630E20049144A /* HomeView.swift */ = {isa = PBXFileReference; lastKnownFileType = sourcecode.swift; path = HomeView.swift; sourceTree = "<group>"; };
		51F235142C394A8000FA09C3 /* BookSpineView.swift */ = {isa = PBXFileReference; lastKnownFileType = sourcecode.swift; path = BookSpineView.swift; sourceTree = "<group>"; };
		51F235162C394AF400FA09C3 /* ColorExtractingBookCoverView.swift */ = {isa = PBXFileReference; lastKnownFileType = sourcecode.swift; path = ColorExtractingBookCoverView.swift; sourceTree = "<group>"; };
		51F235182C3958E200FA09C3 /* BookCoverView.swift */ = {isa = PBXFileReference; lastKnownFileType = sourcecode.swift; path = BookCoverView.swift; sourceTree = "<group>"; };
		51F2351A2C39666B00FA09C3 /* Utils.swift */ = {isa = PBXFileReference; lastKnownFileType = sourcecode.swift; path = Utils.swift; sourceTree = "<group>"; };
/* End PBXFileReference section */

/* Begin PBXFrameworksBuildPhase section */
		51AD10D62BEEB13E000D672C /* Frameworks */ = {
			isa = PBXFrameworksBuildPhase;
			buildActionMask = 2147483647;
			files = (
				510B2D2A2BFF651100E40B49 /* SDWebImageSwiftUI in Frameworks */,
				51AD110A2BEEB1A6000D672C /* SplineRuntime in Frameworks */,
			);
			runOnlyForDeploymentPostprocessing = 0;
		};
		51AD10E82BEEB13F000D672C /* Frameworks */ = {
			isa = PBXFrameworksBuildPhase;
			buildActionMask = 2147483647;
			files = (
			);
			runOnlyForDeploymentPostprocessing = 0;
		};
		51AD10F22BEEB13F000D672C /* Frameworks */ = {
			isa = PBXFrameworksBuildPhase;
			buildActionMask = 2147483647;
			files = (
			);
			runOnlyForDeploymentPostprocessing = 0;
		};
/* End PBXFrameworksBuildPhase section */

/* Begin PBXGroup section */
		510470F82BFA554C000BA602 /* SplineFiles */ = {
			isa = PBXGroup;
			children = (
				510470F92BFA5559000BA602 /* character_with_temperate_room.splineswift */,
			);
			path = SplineFiles;
			sourceTree = "<group>";
		};
		513ADD5B2C3C8A5B0008D5B1 /* View Models */ = {
			isa = PBXGroup;
			children = (
				51731B952BF39D7F00F75F86 /* DiscoverScreenViewModel.swift */,
			);
			path = "View Models";
			sourceTree = "<group>";
		};
		515B0E9D2C31FBA400806BB3 /* Colors */ = {
			isa = PBXGroup;
			children = (
				515B0E9E2C31FBBA00806BB3 /* Colors.xcassets */,
			);
			path = Colors;
			sourceTree = "<group>";
		};
		51731B942BF39D6A00F75F86 /* View Models */ = {
			isa = PBXGroup;
			children = (
			);
			path = "View Models";
			sourceTree = "<group>";
		};
		518C9C0D2C36C089002E3627 /* Fonts */ = {
			isa = PBXGroup;
			children = (
				518C9C172C36C0A6002E3627 /* BASKE1.ttf */,
				518C9C0F2C36C0A6002E3627 /* BASKE9.ttf */,
				518C9C142C36C0A6002E3627 /* BASKE10.ttf */,
				518C9C132C36C0A6002E3627 /* baskervi.ttf */,
				518C9C152C36C0A6002E3627 /* baskerville bold bt.ttf */,
				518C9C0E2C36C0A6002E3627 /* Baskerville Bold font.ttf */,
				518C9C182C36C0A6002E3627 /* BaskervilleBoldBT.ttf */,
				518C9C192C36C0A6002E3627 /* BaskervilleBoldItalicBT.ttf */,
				518C9C162C36C0A6002E3627 /* BaskervilleBT.ttf */,
				518C9C102C36C0A6002E3627 /* BaskervilleItalicBT.ttf */,
				518C9C112C36C0A6002E3627 /* BASKRV_L.ttf */,
				518C9C122C36C0A6002E3627 /* baskvl.ttf */,
			);
			path = Fonts;
			sourceTree = "<group>";
		};
		5190FA4B2C3B003600ED20D5 /* Splash Screen */ = {
			isa = PBXGroup;
			children = (
				5190FA4C2C3B004500ED20D5 /* Screens */,
			);
			path = "Splash Screen";
			sourceTree = "<group>";
		};
		5190FA4C2C3B004500ED20D5 /* Screens */ = {
			isa = PBXGroup;
			children = (
				5190FA4D2C3B005300ED20D5 /* SplashScreen.swift */,
			);
			path = Screens;
			sourceTree = "<group>";
		};
		51AD10D02BEEB13E000D672C = {
			isa = PBXGroup;
			children = (
				51AD10DB2BEEB13E000D672C /* BookNook */,
				51AD10EE2BEEB13F000D672C /* BookNookTests */,
				51AD10F82BEEB13F000D672C /* BookNookUITests */,
				51AD10DA2BEEB13E000D672C /* Products */,
			);
			sourceTree = "<group>";
		};
		51AD10DA2BEEB13E000D672C /* Products */ = {
			isa = PBXGroup;
			children = (
				51AD10D92BEEB13E000D672C /* BookNook.app */,
				51AD10EB2BEEB13F000D672C /* BookNookTests.xctest */,
				51AD10F52BEEB13F000D672C /* BookNookUITests.xctest */,
			);
			name = Products;
			sourceTree = "<group>";
		};
		51AD10DB2BEEB13E000D672C /* BookNook */ = {
			isa = PBXGroup;
			children = (
				518C9C262C36C2A1002E3627 /* Info.plist */,
				51AD11102BEEB29E000D672C /* Config */,
				51AD110B2BEEB1DB000D672C /* Code */,
				51AD110D2BEEB1E6000D672C /* Resources */,
				51AD10E42BEEB13F000D672C /* Preview Content */,
				51AD110E2BEEB1EC000D672C /* SupportingFiles */,
			);
			path = BookNook;
			sourceTree = "<group>";
		};
		51AD10E42BEEB13F000D672C /* Preview Content */ = {
			isa = PBXGroup;
			children = (
				51AD10E52BEEB13F000D672C /* Preview Assets.xcassets */,
			);
			path = "Preview Content";
			sourceTree = "<group>";
		};
		51AD10EE2BEEB13F000D672C /* BookNookTests */ = {
			isa = PBXGroup;
			children = (
				51AD10EF2BEEB13F000D672C /* BookNookTests.swift */,
			);
			path = BookNookTests;
			sourceTree = "<group>";
		};
		51AD10F82BEEB13F000D672C /* BookNookUITests */ = {
			isa = PBXGroup;
			children = (
				51AD10F92BEEB13F000D672C /* BookNookUITests.swift */,
				51AD10FB2BEEB13F000D672C /* BookNookUITestsLaunchTests.swift */,
			);
			path = BookNookUITests;
			sourceTree = "<group>";
		};
		51AD110B2BEEB1DB000D672C /* Code */ = {
			isa = PBXGroup;
			children = (
				51AD110F2BEEB294000D672C /* Utilities */,
				51AD110C2BEEB1E0000D672C /* Features */,
			);
			path = Code;
			sourceTree = "<group>";
		};
		51AD110C2BEEB1E0000D672C /* Features */ = {
			isa = PBXGroup;
			children = (
				5190FA4B2C3B003600ED20D5 /* Splash Screen */,
				51AD11132BEEB2EC000D672C /* Common */,
				51D2E43A2BF8FF4E008798FA /* Discover */,
				51AD11172BEEB312000D672C /* Home */,
				51AD11162BEEB307000D672C /* Books */,
				51AD11152BEEB301000D672C /* Calendar */,
				51AD11142BEEB2F3000D672C /* Settings */,
			);
			path = Features;
			sourceTree = "<group>";
		};
		51AD110D2BEEB1E6000D672C /* Resources */ = {
			isa = PBXGroup;
			children = (
				518C9C0D2C36C089002E3627 /* Fonts */,
				515B0E9D2C31FBA400806BB3 /* Colors */,
				510470F82BFA554C000BA602 /* SplineFiles */,
				51D2E4332BF8CF84008798FA /* Audio */,
				51AD112C2BEEB45A000D672C /* Images */,
			);
			path = Resources;
			sourceTree = "<group>";
		};
		51AD110E2BEEB1EC000D672C /* SupportingFiles */ = {
			isa = PBXGroup;
			children = (
				51AD10DC2BEEB13E000D672C /* BookNookApp.swift */,
				51AD10DE2BEEB13E000D672C /* ContentView.swift */,
			);
			path = SupportingFiles;
			sourceTree = "<group>";
		};
		51AD110F2BEEB294000D672C /* Utilities */ = {
			isa = PBXGroup;
			children = (
				512EBB752BFDC99F0025A4E6 /* BooksAPI.swift */,
				51AD11112BEEB2BB000D672C /* Extensions.swift */,
				5126F6382BF1790C00DFB2E3 /* TimerManager.swift */,
				51D2E42F2BF8CF0A008798FA /* AudioPlayer.swift */,
				510B2D2B2BFF75BB00E40B49 /* PhotoPicker.swift */,
				51F2351A2C39666B00FA09C3 /* Utils.swift */,
			);
			path = Utilities;
			sourceTree = "<group>";
		};
		51AD11102BEEB29E000D672C /* Config */ = {
			isa = PBXGroup;
			children = (
			);
			path = Config;
			sourceTree = "<group>";
		};
		51AD11132BEEB2EC000D672C /* Common */ = {
			isa = PBXGroup;
			children = (
				51AD111B2BEEB347000D672C /* Views */,
				51AD111A2BEEB342000D672C /* Screens */,
				51AD11192BEEB336000D672C /* Models */,
			);
			path = Common;
			sourceTree = "<group>";
		};
		51AD11142BEEB2F3000D672C /* Settings */ = {
			isa = PBXGroup;
			children = (
				51AD11272BEEB37E000D672C /* Views */,
				51AD11262BEEB379000D672C /* Screens */,
				51AD11252BEEB375000D672C /* Models */,
			);
			path = Settings;
			sourceTree = "<group>";
		};
		51AD11152BEEB301000D672C /* Calendar */ = {
			isa = PBXGroup;
			children = (
				51AD11242BEEB371000D672C /* Views */,
				51AD11232BEEB36C000D672C /* Screens */,
				51AD11222BEEB368000D672C /* Models */,
			);
			path = Calendar;
			sourceTree = "<group>";
		};
		51AD11162BEEB307000D672C /* Books */ = {
			isa = PBXGroup;
			children = (
				51731B942BF39D6A00F75F86 /* View Models */,
				51AD11212BEEB363000D672C /* Views */,
				51AD11202BEEB35D000D672C /* Screens */,
				51AD111F2BEEB358000D672C /* Models */,
			);
			path = Books;
			sourceTree = "<group>";
		};
		51AD11172BEEB312000D672C /* Home */ = {
			isa = PBXGroup;
			children = (
				51AD111E2BEEB354000D672C /* Views */,
				51AD111D2BEEB350000D672C /* Screens */,
				51AD111C2BEEB34C000D672C /* Models */,
			);
			path = Home;
			sourceTree = "<group>";
		};
		51AD11192BEEB336000D672C /* Models */ = {
			isa = PBXGroup;
			children = (
				51AD11332BEEB654000D672C /* ReadingSession.swift */,
				5126F6362BF1665E00DFB2E3 /* Book.swift */,
			);
			path = Models;
			sourceTree = "<group>";
		};
		51AD111A2BEEB342000D672C /* Screens */ = {
			isa = PBXGroup;
			children = (
				51AD11312BEEB5B5000D672C /* MainTabbedScreen.swift */,
			);
			path = Screens;
			sourceTree = "<group>";
		};
		51AD111B2BEEB347000D672C /* Views */ = {
			isa = PBXGroup;
			children = (
				5172F3282BF0A59D00491A8E /* UpdateReadingSessionView.swift */,
				51E7FA002C342AAF0084B94D /* TabIconView.swift */,
			);
			path = Views;
			sourceTree = "<group>";
		};
		51AD111C2BEEB34C000D672C /* Models */ = {
			isa = PBXGroup;
			children = (
			);
			path = Models;
			sourceTree = "<group>";
		};
		51AD111D2BEEB350000D672C /* Screens */ = {
			isa = PBXGroup;
			children = (
				51AD11372BEEB907000D672C /* HomeScreen.swift */,
				51ECD1632BF6300D0049144A /* HomeScreen2.swift */,
			);
			path = Screens;
			sourceTree = "<group>";
		};
		51AD111E2BEEB354000D672C /* Views */ = {
			isa = PBXGroup;
			children = (
				51AD11352BEEB8A8000D672C /* CreateSessionView.swift */,
				51AD11392BEEB9BF000D672C /* TopTitleView.swift */,
				51ECD1652BF630E20049144A /* HomeView.swift */,
				51D2E4312BF8CF48008798FA /* AudioPlayerView.swift */,
				51380D242C2AA57700FDF65D /* PageEntryModalView.swift */,
			);
			path = Views;
			sourceTree = "<group>";
		};
		51AD111F2BEEB358000D672C /* Models */ = {
			isa = PBXGroup;
			children = (
			);
			path = Models;
			sourceTree = "<group>";
		};
		51AD11202BEEB35D000D672C /* Screens */ = {
			isa = PBXGroup;
			children = (
				51AD113B2BEEC27C000D672C /* BookListScreen.swift */,
				51745CA12C0922050012386E /* BookListScreen2.swift */,
			);
			path = Screens;
			sourceTree = "<group>";
		};
		51AD11212BEEB363000D672C /* Views */ = {
			isa = PBXGroup;
			children = (
				51ADD5742BF1F0860023DEFE /* NewBookView.swift */,
				51731B902BF36A9300F75F86 /* UpdateBookView.swift */,
				5115B5512C0378DB00056C34 /* BookshelfView.swift */,
				51A67CB32C12258F00B1F0DA /* BookDetailView.swift */,
				51F235142C394A8000FA09C3 /* BookSpineView.swift */,
				51F235162C394AF400FA09C3 /* ColorExtractingBookCoverView.swift */,
				51F235182C3958E200FA09C3 /* BookCoverView.swift */,
			);
			path = Views;
			sourceTree = "<group>";
		};
		51AD11222BEEB368000D672C /* Models */ = {
			isa = PBXGroup;
			children = (
			);
			path = Models;
			sourceTree = "<group>";
		};
		51AD11232BEEB36C000D672C /* Screens */ = {
			isa = PBXGroup;
			children = (
				51AD113F2BEF63EF000D672C /* CalendarScreen.swift */,
				51B815BE2C2870A600CDB29D /* StatisticsScreen.swift */,
			);
			path = Screens;
			sourceTree = "<group>";
		};
		51AD11242BEEB371000D672C /* Views */ = {
			isa = PBXGroup;
			children = (
				51AD11492BEF6AA5000D672C /* NewReadingSessionView.swift */,
				51AD113D2BEF62B8000D672C /* CalendarView.swift */,
				51AD11412BEF6870000D672C /* DayReadingSessionsListView.swift */,
				51AD11472BEF69DC000D672C /* ReadingSessionListViewRow.swift */,
			);
			path = Views;
			sourceTree = "<group>";
		};
		51AD11252BEEB375000D672C /* Models */ = {
			isa = PBXGroup;
			children = (
			);
			path = Models;
			sourceTree = "<group>";
		};
		51AD11262BEEB379000D672C /* Screens */ = {
			isa = PBXGroup;
			children = (
				51ADD5762BF206520023DEFE /* SettingsScreen.swift */,
			);
			path = Screens;
			sourceTree = "<group>";
		};
		51AD11272BEEB37E000D672C /* Views */ = {
			isa = PBXGroup;
			children = (
			);
			path = Views;
			sourceTree = "<group>";
		};
		51AD112C2BEEB45A000D672C /* Images */ = {
			isa = PBXGroup;
			children = (
				51AD112D2BEEB46D000D672C /* AppIcon.xcassets */,
				51E7F9FE2C3426CF0084B94D /* Images.xcassets */,
			);
			path = Images;
			sourceTree = "<group>";
		};
		51D2E4332BF8CF84008798FA /* Audio */ = {
			isa = PBXGroup;
			children = (
				51D2E4342BF8CF91008798FA /* Sonder(chosic.com).mp3 */,
				51D2E4362BF8D18A008798FA /* Colorful-Flowers(chosic.com).mp3 */,
			);
			path = Audio;
			sourceTree = "<group>";
		};
		51D2E43A2BF8FF4E008798FA /* Discover */ = {
			isa = PBXGroup;
			children = (
				513ADD5B2C3C8A5B0008D5B1 /* View Models */,
				51D2E43C2BF8FF5E008798FA /* Screens */,
				51D2E43B2BF8FF56008798FA /* Views */,
			);
			path = Discover;
			sourceTree = "<group>";
		};
		51D2E43B2BF8FF56008798FA /* Views */ = {
			isa = PBXGroup;
			children = (
			);
			path = Views;
			sourceTree = "<group>";
		};
		51D2E43C2BF8FF5E008798FA /* Screens */ = {
			isa = PBXGroup;
			children = (
				51731B972BF39D9F00F75F86 /* DiscoverScreen.swift */,
			);
			path = Screens;
			sourceTree = "<group>";
		};
/* End PBXGroup section */

/* Begin PBXNativeTarget section */
		51AD10D82BEEB13E000D672C /* BookNook */ = {
			isa = PBXNativeTarget;
			buildConfigurationList = 51AD10FF2BEEB13F000D672C /* Build configuration list for PBXNativeTarget "BookNook" */;
			buildPhases = (
				51AD10D52BEEB13E000D672C /* Sources */,
				51AD10D62BEEB13E000D672C /* Frameworks */,
				51AD10D72BEEB13E000D672C /* Resources */,
			);
			buildRules = (
			);
			dependencies = (
			);
			name = BookNook;
			packageProductDependencies = (
				51AD11092BEEB1A6000D672C /* SplineRuntime */,
				510B2D292BFF651100E40B49 /* SDWebImageSwiftUI */,
			);
			productName = BookNook;
			productReference = 51AD10D92BEEB13E000D672C /* BookNook.app */;
			productType = "com.apple.product-type.application";
		};
		51AD10EA2BEEB13F000D672C /* BookNookTests */ = {
			isa = PBXNativeTarget;
			buildConfigurationList = 51AD11022BEEB13F000D672C /* Build configuration list for PBXNativeTarget "BookNookTests" */;
			buildPhases = (
				51AD10E72BEEB13F000D672C /* Sources */,
				51AD10E82BEEB13F000D672C /* Frameworks */,
				51AD10E92BEEB13F000D672C /* Resources */,
			);
			buildRules = (
			);
			dependencies = (
				51AD10ED2BEEB13F000D672C /* PBXTargetDependency */,
			);
			name = BookNookTests;
			productName = BookNookTests;
			productReference = 51AD10EB2BEEB13F000D672C /* BookNookTests.xctest */;
			productType = "com.apple.product-type.bundle.unit-test";
		};
		51AD10F42BEEB13F000D672C /* BookNookUITests */ = {
			isa = PBXNativeTarget;
			buildConfigurationList = 51AD11052BEEB13F000D672C /* Build configuration list for PBXNativeTarget "BookNookUITests" */;
			buildPhases = (
				51AD10F12BEEB13F000D672C /* Sources */,
				51AD10F22BEEB13F000D672C /* Frameworks */,
				51AD10F32BEEB13F000D672C /* Resources */,
			);
			buildRules = (
			);
			dependencies = (
				51AD10F72BEEB13F000D672C /* PBXTargetDependency */,
			);
			name = BookNookUITests;
			productName = BookNookUITests;
			productReference = 51AD10F52BEEB13F000D672C /* BookNookUITests.xctest */;
			productType = "com.apple.product-type.bundle.ui-testing";
		};
/* End PBXNativeTarget section */

/* Begin PBXProject section */
		51AD10D12BEEB13E000D672C /* Project object */ = {
			isa = PBXProject;
			attributes = {
				BuildIndependentTargetsInParallel = 1;
				LastSwiftUpdateCheck = 1530;
				LastUpgradeCheck = 1530;
				TargetAttributes = {
					51AD10D82BEEB13E000D672C = {
						CreatedOnToolsVersion = 15.3;
					};
					51AD10EA2BEEB13F000D672C = {
						CreatedOnToolsVersion = 15.3;
						TestTargetID = 51AD10D82BEEB13E000D672C;
					};
					51AD10F42BEEB13F000D672C = {
						CreatedOnToolsVersion = 15.3;
						TestTargetID = 51AD10D82BEEB13E000D672C;
					};
				};
			};
			buildConfigurationList = 51AD10D42BEEB13E000D672C /* Build configuration list for PBXProject "BookNook" */;
			compatibilityVersion = "Xcode 14.0";
			developmentRegion = en;
			hasScannedForEncodings = 0;
			knownRegions = (
				en,
				Base,
			);
			mainGroup = 51AD10D02BEEB13E000D672C;
			packageReferences = (
				51AD11082BEEB1A6000D672C /* XCRemoteSwiftPackageReference "spline-ios" */,
				510B2D282BFF651100E40B49 /* XCRemoteSwiftPackageReference "SDWebImageSwiftUI" */,
			);
			productRefGroup = 51AD10DA2BEEB13E000D672C /* Products */;
			projectDirPath = "";
			projectRoot = "";
			targets = (
				51AD10D82BEEB13E000D672C /* BookNook */,
				51AD10EA2BEEB13F000D672C /* BookNookTests */,
				51AD10F42BEEB13F000D672C /* BookNookUITests */,
			);
		};
/* End PBXProject section */

/* Begin PBXResourcesBuildPhase section */
		51AD10D72BEEB13E000D672C /* Resources */ = {
			isa = PBXResourcesBuildPhase;
			buildActionMask = 2147483647;
			files = (
				518C9C202C36C0A6002E3627 /* BASKE10.ttf in Resources */,
				51D2E4372BF8D18A008798FA /* Colorful-Flowers(chosic.com).mp3 in Resources */,
				518C9C1E2C36C0A6002E3627 /* baskvl.ttf in Resources */,
				518C9C1A2C36C0A6002E3627 /* Baskerville Bold font.ttf in Resources */,
				51D2E4352BF8CF91008798FA /* Sonder(chosic.com).mp3 in Resources */,
				518C9C252C36C0A6002E3627 /* BaskervilleBoldItalicBT.ttf in Resources */,
				51E7F9FF2C3426CF0084B94D /* Images.xcassets in Resources */,
				518C9C242C36C0A6002E3627 /* BaskervilleBoldBT.ttf in Resources */,
				518C9C1F2C36C0A6002E3627 /* baskervi.ttf in Resources */,
				518C9C222C36C0A6002E3627 /* BaskervilleBT.ttf in Resources */,
				51AD112E2BEEB46D000D672C /* AppIcon.xcassets in Resources */,
				518C9C232C36C0A6002E3627 /* BASKE1.ttf in Resources */,
				518C9C212C36C0A6002E3627 /* baskerville bold bt.ttf in Resources */,
				518C9C1D2C36C0A6002E3627 /* BASKRV_L.ttf in Resources */,
				518C9C1C2C36C0A6002E3627 /* BaskervilleItalicBT.ttf in Resources */,
				518C9C1B2C36C0A6002E3627 /* BASKE9.ttf in Resources */,
				515B0E9F2C31FBBA00806BB3 /* Colors.xcassets in Resources */,
				510470FA2BFA5559000BA602 /* character_with_temperate_room.splineswift in Resources */,
				51AD10E62BEEB13F000D672C /* Preview Assets.xcassets in Resources */,
			);
			runOnlyForDeploymentPostprocessing = 0;
		};
		51AD10E92BEEB13F000D672C /* Resources */ = {
			isa = PBXResourcesBuildPhase;
			buildActionMask = 2147483647;
			files = (
			);
			runOnlyForDeploymentPostprocessing = 0;
		};
		51AD10F32BEEB13F000D672C /* Resources */ = {
			isa = PBXResourcesBuildPhase;
			buildActionMask = 2147483647;
			files = (
			);
			runOnlyForDeploymentPostprocessing = 0;
		};
/* End PBXResourcesBuildPhase section */

/* Begin PBXSourcesBuildPhase section */
		51AD10D52BEEB13E000D672C /* Sources */ = {
			isa = PBXSourcesBuildPhase;
			buildActionMask = 2147483647;
			files = (
				51ECD1662BF630E20049144A /* HomeView.swift in Sources */,
				5126F6392BF1790C00DFB2E3 /* TimerManager.swift in Sources */,
				51E7FA012C342AAF0084B94D /* TabIconView.swift in Sources */,
				51F235172C394AF400FA09C3 /* ColorExtractingBookCoverView.swift in Sources */,
				51AD113A2BEEB9BF000D672C /* TopTitleView.swift in Sources */,
				51AD113E2BEF62B8000D672C /* CalendarView.swift in Sources */,
				51AD11362BEEB8A8000D672C /* CreateSessionView.swift in Sources */,
				51ADD5752BF1F0860023DEFE /* NewBookView.swift in Sources */,
				51F235152C394A8000FA09C3 /* BookSpineView.swift in Sources */,
				51AD10DF2BEEB13E000D672C /* ContentView.swift in Sources */,
				51AD11122BEEB2BB000D672C /* Extensions.swift in Sources */,
				51AD114A2BEF6AA5000D672C /* NewReadingSessionView.swift in Sources */,
				5172F3292BF0A59D00491A8E /* UpdateReadingSessionView.swift in Sources */,
				510B2D2C2BFF75BB00E40B49 /* PhotoPicker.swift in Sources */,
				51731B912BF36A9300F75F86 /* UpdateBookView.swift in Sources */,
				51AD11422BEF6870000D672C /* DayReadingSessionsListView.swift in Sources */,
				51D2E4322BF8CF48008798FA /* AudioPlayerView.swift in Sources */,
				51F2351B2C39666B00FA09C3 /* Utils.swift in Sources */,
				51380D252C2AA57700FDF65D /* PageEntryModalView.swift in Sources */,
				51A67CB42C12258F00B1F0DA /* BookDetailView.swift in Sources */,
				51AD11482BEF69DC000D672C /* ReadingSessionListViewRow.swift in Sources */,
				5126F6372BF1665E00DFB2E3 /* Book.swift in Sources */,
				51AD11322BEEB5B5000D672C /* MainTabbedScreen.swift in Sources */,
				51AD113C2BEEC27C000D672C /* BookListScreen.swift in Sources */,
				5115B5522C0378DB00056C34 /* BookshelfView.swift in Sources */,
				51745CA22C0922050012386E /* BookListScreen2.swift in Sources */,
				51AD11402BEF63EF000D672C /* CalendarScreen.swift in Sources */,
				51731B982BF39D9F00F75F86 /* DiscoverScreen.swift in Sources */,
				51AD11382BEEB907000D672C /* HomeScreen.swift in Sources */,
				51ECD1642BF6300D0049144A /* HomeScreen2.swift in Sources */,
				51D2E4302BF8CF0A008798FA /* AudioPlayer.swift in Sources */,
				51731B962BF39D7F00F75F86 /* DiscoverScreenViewModel.swift in Sources */,
				51ADD5772BF206520023DEFE /* SettingsScreen.swift in Sources */,
				5190FA4E2C3B005300ED20D5 /* SplashScreen.swift in Sources */,
				51AD11342BEEB654000D672C /* ReadingSession.swift in Sources */,
				512EBB762BFDC99F0025A4E6 /* BooksAPI.swift in Sources */,
				51F235192C3958E200FA09C3 /* BookCoverView.swift in Sources */,
				51AD10DD2BEEB13E000D672C /* BookNookApp.swift in Sources */,
				51B815BF2C2870A600CDB29D /* StatisticsScreen.swift in Sources */,
			);
			runOnlyForDeploymentPostprocessing = 0;
		};
		51AD10E72BEEB13F000D672C /* Sources */ = {
			isa = PBXSourcesBuildPhase;
			buildActionMask = 2147483647;
			files = (
				51AD10F02BEEB13F000D672C /* BookNookTests.swift in Sources */,
			);
			runOnlyForDeploymentPostprocessing = 0;
		};
		51AD10F12BEEB13F000D672C /* Sources */ = {
			isa = PBXSourcesBuildPhase;
			buildActionMask = 2147483647;
			files = (
				51AD10FC2BEEB13F000D672C /* BookNookUITestsLaunchTests.swift in Sources */,
				51AD10FA2BEEB13F000D672C /* BookNookUITests.swift in Sources */,
			);
			runOnlyForDeploymentPostprocessing = 0;
		};
/* End PBXSourcesBuildPhase section */

/* Begin PBXTargetDependency section */
		51AD10ED2BEEB13F000D672C /* PBXTargetDependency */ = {
			isa = PBXTargetDependency;
			target = 51AD10D82BEEB13E000D672C /* BookNook */;
			targetProxy = 51AD10EC2BEEB13F000D672C /* PBXContainerItemProxy */;
		};
		51AD10F72BEEB13F000D672C /* PBXTargetDependency */ = {
			isa = PBXTargetDependency;
			target = 51AD10D82BEEB13E000D672C /* BookNook */;
			targetProxy = 51AD10F62BEEB13F000D672C /* PBXContainerItemProxy */;
		};
/* End PBXTargetDependency section */

/* Begin XCBuildConfiguration section */
		51AD10FD2BEEB13F000D672C /* Debug */ = {
			isa = XCBuildConfiguration;
			buildSettings = {
				ALWAYS_SEARCH_USER_PATHS = NO;
				ASSETCATALOG_COMPILER_GENERATE_SWIFT_ASSET_SYMBOL_EXTENSIONS = YES;
				CLANG_ANALYZER_NONNULL = YES;
				CLANG_ANALYZER_NUMBER_OBJECT_CONVERSION = YES_AGGRESSIVE;
				CLANG_CXX_LANGUAGE_STANDARD = "gnu++20";
				CLANG_ENABLE_MODULES = YES;
				CLANG_ENABLE_OBJC_ARC = YES;
				CLANG_ENABLE_OBJC_WEAK = YES;
				CLANG_WARN_BLOCK_CAPTURE_AUTORELEASING = YES;
				CLANG_WARN_BOOL_CONVERSION = YES;
				CLANG_WARN_COMMA = YES;
				CLANG_WARN_CONSTANT_CONVERSION = YES;
				CLANG_WARN_DEPRECATED_OBJC_IMPLEMENTATIONS = YES;
				CLANG_WARN_DIRECT_OBJC_ISA_USAGE = YES_ERROR;
				CLANG_WARN_DOCUMENTATION_COMMENTS = YES;
				CLANG_WARN_EMPTY_BODY = YES;
				CLANG_WARN_ENUM_CONVERSION = YES;
				CLANG_WARN_INFINITE_RECURSION = YES;
				CLANG_WARN_INT_CONVERSION = YES;
				CLANG_WARN_NON_LITERAL_NULL_CONVERSION = YES;
				CLANG_WARN_OBJC_IMPLICIT_RETAIN_SELF = YES;
				CLANG_WARN_OBJC_LITERAL_CONVERSION = YES;
				CLANG_WARN_OBJC_ROOT_CLASS = YES_ERROR;
				CLANG_WARN_QUOTED_INCLUDE_IN_FRAMEWORK_HEADER = YES;
				CLANG_WARN_RANGE_LOOP_ANALYSIS = YES;
				CLANG_WARN_STRICT_PROTOTYPES = YES;
				CLANG_WARN_SUSPICIOUS_MOVE = YES;
				CLANG_WARN_UNGUARDED_AVAILABILITY = YES_AGGRESSIVE;
				CLANG_WARN_UNREACHABLE_CODE = YES;
				CLANG_WARN__DUPLICATE_METHOD_MATCH = YES;
				COPY_PHASE_STRIP = NO;
				DEBUG_INFORMATION_FORMAT = dwarf;
				ENABLE_STRICT_OBJC_MSGSEND = YES;
				ENABLE_TESTABILITY = YES;
				ENABLE_USER_SCRIPT_SANDBOXING = YES;
				GCC_C_LANGUAGE_STANDARD = gnu17;
				GCC_DYNAMIC_NO_PIC = NO;
				GCC_NO_COMMON_BLOCKS = YES;
				GCC_OPTIMIZATION_LEVEL = 0;
				GCC_PREPROCESSOR_DEFINITIONS = (
					"DEBUG=1",
					"$(inherited)",
				);
				GCC_WARN_64_TO_32_BIT_CONVERSION = YES;
				GCC_WARN_ABOUT_RETURN_TYPE = YES_ERROR;
				GCC_WARN_UNDECLARED_SELECTOR = YES;
				GCC_WARN_UNINITIALIZED_AUTOS = YES_AGGRESSIVE;
				GCC_WARN_UNUSED_FUNCTION = YES;
				GCC_WARN_UNUSED_VARIABLE = YES;
				IPHONEOS_DEPLOYMENT_TARGET = 17.0;
				LOCALIZATION_PREFERS_STRING_CATALOGS = YES;
				MTL_ENABLE_DEBUG_INFO = INCLUDE_SOURCE;
				MTL_FAST_MATH = YES;
				ONLY_ACTIVE_ARCH = YES;
				SDKROOT = iphoneos;
				SWIFT_ACTIVE_COMPILATION_CONDITIONS = "DEBUG $(inherited)";
				SWIFT_OPTIMIZATION_LEVEL = "-Onone";
			};
			name = Debug;
		};
		51AD10FE2BEEB13F000D672C /* Release */ = {
			isa = XCBuildConfiguration;
			buildSettings = {
				ALWAYS_SEARCH_USER_PATHS = NO;
				ASSETCATALOG_COMPILER_GENERATE_SWIFT_ASSET_SYMBOL_EXTENSIONS = YES;
				CLANG_ANALYZER_NONNULL = YES;
				CLANG_ANALYZER_NUMBER_OBJECT_CONVERSION = YES_AGGRESSIVE;
				CLANG_CXX_LANGUAGE_STANDARD = "gnu++20";
				CLANG_ENABLE_MODULES = YES;
				CLANG_ENABLE_OBJC_ARC = YES;
				CLANG_ENABLE_OBJC_WEAK = YES;
				CLANG_WARN_BLOCK_CAPTURE_AUTORELEASING = YES;
				CLANG_WARN_BOOL_CONVERSION = YES;
				CLANG_WARN_COMMA = YES;
				CLANG_WARN_CONSTANT_CONVERSION = YES;
				CLANG_WARN_DEPRECATED_OBJC_IMPLEMENTATIONS = YES;
				CLANG_WARN_DIRECT_OBJC_ISA_USAGE = YES_ERROR;
				CLANG_WARN_DOCUMENTATION_COMMENTS = YES;
				CLANG_WARN_EMPTY_BODY = YES;
				CLANG_WARN_ENUM_CONVERSION = YES;
				CLANG_WARN_INFINITE_RECURSION = YES;
				CLANG_WARN_INT_CONVERSION = YES;
				CLANG_WARN_NON_LITERAL_NULL_CONVERSION = YES;
				CLANG_WARN_OBJC_IMPLICIT_RETAIN_SELF = YES;
				CLANG_WARN_OBJC_LITERAL_CONVERSION = YES;
				CLANG_WARN_OBJC_ROOT_CLASS = YES_ERROR;
				CLANG_WARN_QUOTED_INCLUDE_IN_FRAMEWORK_HEADER = YES;
				CLANG_WARN_RANGE_LOOP_ANALYSIS = YES;
				CLANG_WARN_STRICT_PROTOTYPES = YES;
				CLANG_WARN_SUSPICIOUS_MOVE = YES;
				CLANG_WARN_UNGUARDED_AVAILABILITY = YES_AGGRESSIVE;
				CLANG_WARN_UNREACHABLE_CODE = YES;
				CLANG_WARN__DUPLICATE_METHOD_MATCH = YES;
				COPY_PHASE_STRIP = NO;
				DEBUG_INFORMATION_FORMAT = "dwarf-with-dsym";
				ENABLE_NS_ASSERTIONS = NO;
				ENABLE_STRICT_OBJC_MSGSEND = YES;
				ENABLE_USER_SCRIPT_SANDBOXING = YES;
				GCC_C_LANGUAGE_STANDARD = gnu17;
				GCC_NO_COMMON_BLOCKS = YES;
				GCC_WARN_64_TO_32_BIT_CONVERSION = YES;
				GCC_WARN_ABOUT_RETURN_TYPE = YES_ERROR;
				GCC_WARN_UNDECLARED_SELECTOR = YES;
				GCC_WARN_UNINITIALIZED_AUTOS = YES_AGGRESSIVE;
				GCC_WARN_UNUSED_FUNCTION = YES;
				GCC_WARN_UNUSED_VARIABLE = YES;
				IPHONEOS_DEPLOYMENT_TARGET = 17.0;
				LOCALIZATION_PREFERS_STRING_CATALOGS = YES;
				MTL_ENABLE_DEBUG_INFO = NO;
				MTL_FAST_MATH = YES;
				SDKROOT = iphoneos;
				SWIFT_COMPILATION_MODE = wholemodule;
				VALIDATE_PRODUCT = YES;
			};
			name = Release;
		};
		51AD11002BEEB13F000D672C /* Debug */ = {
			isa = XCBuildConfiguration;
			buildSettings = {
				ASSETCATALOG_COMPILER_APPICON_NAME = AppIcon;
				ASSETCATALOG_COMPILER_GLOBAL_ACCENT_COLOR_NAME = AccentColor;
				CODE_SIGN_STYLE = Automatic;
				CURRENT_PROJECT_VERSION = 1;
				DEVELOPMENT_ASSET_PATHS = "\"BookNook/Preview Content\"";
				DEVELOPMENT_TEAM = 73FL849LGT;
				ENABLE_PREVIEWS = YES;
				GENERATE_INFOPLIST_FILE = YES;
				INFOPLIST_FILE = BookNook/Info.plist;
				INFOPLIST_KEY_UIApplicationSceneManifest_Generation = YES;
				INFOPLIST_KEY_UIApplicationSupportsIndirectInputEvents = YES;
				INFOPLIST_KEY_UILaunchScreen_Generation = YES;
				INFOPLIST_KEY_UISupportedInterfaceOrientations_iPad = "UIInterfaceOrientationPortrait UIInterfaceOrientationPortraitUpsideDown UIInterfaceOrientationLandscapeLeft UIInterfaceOrientationLandscapeRight";
				INFOPLIST_KEY_UISupportedInterfaceOrientations_iPhone = "UIInterfaceOrientationPortrait UIInterfaceOrientationLandscapeLeft UIInterfaceOrientationLandscapeRight";
				IPHONEOS_DEPLOYMENT_TARGET = 17.0;
				LD_RUNPATH_SEARCH_PATHS = (
					"$(inherited)",
					"@executable_path/Frameworks",
				);
				MARKETING_VERSION = 1.0;
				PRODUCT_BUNDLE_IDENTIFIER = rileyjenum.BookNook;
				PRODUCT_NAME = "$(TARGET_NAME)";
				SWIFT_EMIT_LOC_STRINGS = YES;
				SWIFT_VERSION = 5.0;
				TARGETED_DEVICE_FAMILY = "1,2";
			};
			name = Debug;
		};
		51AD11012BEEB13F000D672C /* Release */ = {
			isa = XCBuildConfiguration;
			buildSettings = {
				ASSETCATALOG_COMPILER_APPICON_NAME = AppIcon;
				ASSETCATALOG_COMPILER_GLOBAL_ACCENT_COLOR_NAME = AccentColor;
				CODE_SIGN_STYLE = Automatic;
				CURRENT_PROJECT_VERSION = 1;
				DEVELOPMENT_ASSET_PATHS = "\"BookNook/Preview Content\"";
				DEVELOPMENT_TEAM = 73FL849LGT;
				ENABLE_PREVIEWS = YES;
				GENERATE_INFOPLIST_FILE = YES;
				INFOPLIST_FILE = BookNook/Info.plist;
				INFOPLIST_KEY_UIApplicationSceneManifest_Generation = YES;
				INFOPLIST_KEY_UIApplicationSupportsIndirectInputEvents = YES;
				INFOPLIST_KEY_UILaunchScreen_Generation = YES;
				INFOPLIST_KEY_UISupportedInterfaceOrientations_iPad = "UIInterfaceOrientationPortrait UIInterfaceOrientationPortraitUpsideDown UIInterfaceOrientationLandscapeLeft UIInterfaceOrientationLandscapeRight";
				INFOPLIST_KEY_UISupportedInterfaceOrientations_iPhone = "UIInterfaceOrientationPortrait UIInterfaceOrientationLandscapeLeft UIInterfaceOrientationLandscapeRight";
				IPHONEOS_DEPLOYMENT_TARGET = 17.0;
				LD_RUNPATH_SEARCH_PATHS = (
					"$(inherited)",
					"@executable_path/Frameworks",
				);
				MARKETING_VERSION = 1.0;
				PRODUCT_BUNDLE_IDENTIFIER = rileyjenum.BookNook;
				PRODUCT_NAME = "$(TARGET_NAME)";
				SWIFT_EMIT_LOC_STRINGS = YES;
				SWIFT_VERSION = 5.0;
				TARGETED_DEVICE_FAMILY = "1,2";
			};
			name = Release;
		};
		51AD11032BEEB13F000D672C /* Debug */ = {
			isa = XCBuildConfiguration;
			buildSettings = {
				ALWAYS_EMBED_SWIFT_STANDARD_LIBRARIES = YES;
				BUNDLE_LOADER = "$(TEST_HOST)";
				CODE_SIGN_STYLE = Automatic;
				CURRENT_PROJECT_VERSION = 1;
				DEVELOPMENT_TEAM = 73FL849LGT;
				GENERATE_INFOPLIST_FILE = YES;
				IPHONEOS_DEPLOYMENT_TARGET = 17.4;
				MARKETING_VERSION = 1.0;
				PRODUCT_BUNDLE_IDENTIFIER = rileyjenum.BookNookTests;
				PRODUCT_NAME = "$(TARGET_NAME)";
				SWIFT_EMIT_LOC_STRINGS = NO;
				SWIFT_VERSION = 5.0;
				TARGETED_DEVICE_FAMILY = "1,2";
				TEST_HOST = "$(BUILT_PRODUCTS_DIR)/BookNook.app/$(BUNDLE_EXECUTABLE_FOLDER_PATH)/BookNook";
			};
			name = Debug;
		};
		51AD11042BEEB13F000D672C /* Release */ = {
			isa = XCBuildConfiguration;
			buildSettings = {
				ALWAYS_EMBED_SWIFT_STANDARD_LIBRARIES = YES;
				BUNDLE_LOADER = "$(TEST_HOST)";
				CODE_SIGN_STYLE = Automatic;
				CURRENT_PROJECT_VERSION = 1;
				DEVELOPMENT_TEAM = 73FL849LGT;
				GENERATE_INFOPLIST_FILE = YES;
				IPHONEOS_DEPLOYMENT_TARGET = 17.4;
				MARKETING_VERSION = 1.0;
				PRODUCT_BUNDLE_IDENTIFIER = rileyjenum.BookNookTests;
				PRODUCT_NAME = "$(TARGET_NAME)";
				SWIFT_EMIT_LOC_STRINGS = NO;
				SWIFT_VERSION = 5.0;
				TARGETED_DEVICE_FAMILY = "1,2";
				TEST_HOST = "$(BUILT_PRODUCTS_DIR)/BookNook.app/$(BUNDLE_EXECUTABLE_FOLDER_PATH)/BookNook";
			};
			name = Release;
		};
		51AD11062BEEB13F000D672C /* Debug */ = {
			isa = XCBuildConfiguration;
			buildSettings = {
				ALWAYS_EMBED_SWIFT_STANDARD_LIBRARIES = YES;
				CODE_SIGN_STYLE = Automatic;
				CURRENT_PROJECT_VERSION = 1;
				DEVELOPMENT_TEAM = 73FL849LGT;
				GENERATE_INFOPLIST_FILE = YES;
				MARKETING_VERSION = 1.0;
				PRODUCT_BUNDLE_IDENTIFIER = rileyjenum.BookNookUITests;
				PRODUCT_NAME = "$(TARGET_NAME)";
				SWIFT_EMIT_LOC_STRINGS = NO;
				SWIFT_VERSION = 5.0;
				TARGETED_DEVICE_FAMILY = "1,2";
				TEST_TARGET_NAME = BookNook;
			};
			name = Debug;
		};
		51AD11072BEEB13F000D672C /* Release */ = {
			isa = XCBuildConfiguration;
			buildSettings = {
				ALWAYS_EMBED_SWIFT_STANDARD_LIBRARIES = YES;
				CODE_SIGN_STYLE = Automatic;
				CURRENT_PROJECT_VERSION = 1;
				DEVELOPMENT_TEAM = 73FL849LGT;
				GENERATE_INFOPLIST_FILE = YES;
				MARKETING_VERSION = 1.0;
				PRODUCT_BUNDLE_IDENTIFIER = rileyjenum.BookNookUITests;
				PRODUCT_NAME = "$(TARGET_NAME)";
				SWIFT_EMIT_LOC_STRINGS = NO;
				SWIFT_VERSION = 5.0;
				TARGETED_DEVICE_FAMILY = "1,2";
				TEST_TARGET_NAME = BookNook;
			};
			name = Release;
		};
/* End XCBuildConfiguration section */

/* Begin XCConfigurationList section */
		51AD10D42BEEB13E000D672C /* Build configuration list for PBXProject "BookNook" */ = {
			isa = XCConfigurationList;
			buildConfigurations = (
				51AD10FD2BEEB13F000D672C /* Debug */,
				51AD10FE2BEEB13F000D672C /* Release */,
			);
			defaultConfigurationIsVisible = 0;
			defaultConfigurationName = Release;
		};
		51AD10FF2BEEB13F000D672C /* Build configuration list for PBXNativeTarget "BookNook" */ = {
			isa = XCConfigurationList;
			buildConfigurations = (
				51AD11002BEEB13F000D672C /* Debug */,
				51AD11012BEEB13F000D672C /* Release */,
			);
			defaultConfigurationIsVisible = 0;
			defaultConfigurationName = Release;
		};
		51AD11022BEEB13F000D672C /* Build configuration list for PBXNativeTarget "BookNookTests" */ = {
			isa = XCConfigurationList;
			buildConfigurations = (
				51AD11032BEEB13F000D672C /* Debug */,
				51AD11042BEEB13F000D672C /* Release */,
			);
			defaultConfigurationIsVisible = 0;
			defaultConfigurationName = Release;
		};
		51AD11052BEEB13F000D672C /* Build configuration list for PBXNativeTarget "BookNookUITests" */ = {
			isa = XCConfigurationList;
			buildConfigurations = (
				51AD11062BEEB13F000D672C /* Debug */,
				51AD11072BEEB13F000D672C /* Release */,
			);
			defaultConfigurationIsVisible = 0;
			defaultConfigurationName = Release;
		};
/* End XCConfigurationList section */

/* Begin XCRemoteSwiftPackageReference section */
		510B2D282BFF651100E40B49 /* XCRemoteSwiftPackageReference "SDWebImageSwiftUI" */ = {
			isa = XCRemoteSwiftPackageReference;
			repositoryURL = "https://github.com/SDWebImage/SDWebImageSwiftUI.git";
			requirement = {
				kind = upToNextMajorVersion;
				minimumVersion = 3.0.4;
			};
		};
		51AD11082BEEB1A6000D672C /* XCRemoteSwiftPackageReference "spline-ios" */ = {
			isa = XCRemoteSwiftPackageReference;
			repositoryURL = "https://github.com/splinetool/spline-ios";
			requirement = {
				branch = main;
				kind = branch;
			};
		};
/* End XCRemoteSwiftPackageReference section */

/* Begin XCSwiftPackageProductDependency section */
		510B2D292BFF651100E40B49 /* SDWebImageSwiftUI */ = {
			isa = XCSwiftPackageProductDependency;
			package = 510B2D282BFF651100E40B49 /* XCRemoteSwiftPackageReference "SDWebImageSwiftUI" */;
			productName = SDWebImageSwiftUI;
		};
		51AD11092BEEB1A6000D672C /* SplineRuntime */ = {
			isa = XCSwiftPackageProductDependency;
			package = 51AD11082BEEB1A6000D672C /* XCRemoteSwiftPackageReference "spline-ios" */;
			productName = SplineRuntime;
		};
/* End XCSwiftPackageProductDependency section */
	};
	rootObject = 51AD10D12BEEB13E000D672C /* Project object */;
}
